// !$*UTF8*$!
{
	archiveVersion = 1;
	classes = {
	};
	objectVersion = 48;
	objects = {

/* Begin PBXBuildFile section */
		BC1869FD200A91E9002E0E76 /* FavoritesTableViewController.swift in Sources */ = {isa = PBXBuildFile; fileRef = BC1869FC200A91E9002E0E76 /* FavoritesTableViewController.swift */; };
		BC186A02200C8A81002E0E76 /* HouseholdModel.swift in Sources */ = {isa = PBXBuildFile; fileRef = BC186A01200C8A81002E0E76 /* HouseholdModel.swift */; };
		BC186A04200C8ABE002E0E76 /* HouseholdEntity.swift in Sources */ = {isa = PBXBuildFile; fileRef = BC186A03200C8ABE002E0E76 /* HouseholdEntity.swift */; };
		BC186A06200C8C87002E0E76 /* UserModel.swift in Sources */ = {isa = PBXBuildFile; fileRef = BC186A05200C8C87002E0E76 /* UserModel.swift */; };
		BC186A0B200CABCE002E0E76 /* NewHouseholdViewController.swift in Sources */ = {isa = PBXBuildFile; fileRef = BC186A0A200CABCE002E0E76 /* NewHouseholdViewController.swift */; };
		BC186A0F200CACA2002E0E76 /* AllHouseholdsTableViewController.swift in Sources */ = {isa = PBXBuildFile; fileRef = BC186A0E200CACA2002E0E76 /* AllHouseholdsTableViewController.swift */; };
		BC186A11200CCA16002E0E76 /* AllGroceriesTableViewController.swift in Sources */ = {isa = PBXBuildFile; fileRef = BC186A10200CCA16002E0E76 /* AllGroceriesTableViewController.swift */; };
		BC186A13200CD4C6002E0E76 /* PlannerTableViewController.swift in Sources */ = {isa = PBXBuildFile; fileRef = BC186A12200CD4C6002E0E76 /* PlannerTableViewController.swift */; };
		BC186A16200E0EE4002E0E76 /* PlannerModel.swift in Sources */ = {isa = PBXBuildFile; fileRef = BC186A15200E0EE4002E0E76 /* PlannerModel.swift */; };
		BC6635E320189C0F00903F8C /* FBObserver.swift in Sources */ = {isa = PBXBuildFile; fileRef = BC6635E220189C0F00903F8C /* FBObserver.swift */; };
		BC687C4B2015CA3000951024 /* eventEmitter.swift in Sources */ = {isa = PBXBuildFile; fileRef = BC687C4A2015CA3000951024 /* eventEmitter.swift */; };
		BC687C4D2015FC6300951024 /* AddGroceriesFromRecipeTableViewController.swift in Sources */ = {isa = PBXBuildFile; fileRef = BC687C4C2015FC6300951024 /* AddGroceriesFromRecipeTableViewController.swift */; };
		BC687C4F201608A300951024 /* PlannerRecipeTableViewCell.swift in Sources */ = {isa = PBXBuildFile; fileRef = BC687C4E201608A300951024 /* PlannerRecipeTableViewCell.swift */; };
		BC687C5120162B1D00951024 /* GroceriesModel.swift in Sources */ = {isa = PBXBuildFile; fileRef = BC687C5020162B1D00951024 /* GroceriesModel.swift */; };
		BC7597EB200622FE000198A1 /* AppDelegate.swift in Sources */ = {isa = PBXBuildFile; fileRef = BC7597EA200622FE000198A1 /* AppDelegate.swift */; };
		BC7597F2200622FE000198A1 /* Main.storyboard in Resources */ = {isa = PBXBuildFile; fileRef = BC7597F0200622FE000198A1 /* Main.storyboard */; };
		BC7597F4200622FE000198A1 /* Assets.xcassets in Resources */ = {isa = PBXBuildFile; fileRef = BC7597F3200622FE000198A1 /* Assets.xcassets */; };
		BC7597F7200622FE000198A1 /* LaunchScreen.storyboard in Resources */ = {isa = PBXBuildFile; fileRef = BC7597F5200622FE000198A1 /* LaunchScreen.storyboard */; };
		BC9FB7FC20177BFB00152AFA /* simpleAlert.swift in Sources */ = {isa = PBXBuildFile; fileRef = BC9FB7FB20177BFB00152AFA /* simpleAlert.swift */; };
		BCA0D29C20062760007EE11A /* GoogleService-Info.plist in Resources */ = {isa = PBXBuildFile; fileRef = BCA0D29B2006275F007EE11A /* GoogleService-Info.plist */; };
		BCA0D2A520064969007EE11A /* LoginViewController.swift in Sources */ = {isa = PBXBuildFile; fileRef = BCA0D2A420064969007EE11A /* LoginViewController.swift */; };
		BCEE56A420077B40000D6B5F /* RecipeSearchViewController.swift in Sources */ = {isa = PBXBuildFile; fileRef = BCEE56A320077B40000D6B5F /* RecipeSearchViewController.swift */; };
		BCEE56A820077B95000D6B5F /* RecipeResultsTableViewController.swift in Sources */ = {isa = PBXBuildFile; fileRef = BCEE56A720077B95000D6B5F /* RecipeResultsTableViewController.swift */; };
		BCEE56AE20078218000D6B5F /* SettingsTableViewController.swift in Sources */ = {isa = PBXBuildFile; fileRef = BCEE56AD20078217000D6B5F /* SettingsTableViewController.swift */; };
		BCEE56B0200783CD000D6B5F /* MainTabBarViewController.swift in Sources */ = {isa = PBXBuildFile; fileRef = BCEE56AF200783CD000D6B5F /* MainTabBarViewController.swift */; };
		BCEE56B2200784CA000D6B5F /* AddGroceryViewController.swift in Sources */ = {isa = PBXBuildFile; fileRef = BCEE56B1200784CA000D6B5F /* AddGroceryViewController.swift */; };
		BCEE56B420078F6C000D6B5F /* RecipeAPIModel.swift in Sources */ = {isa = PBXBuildFile; fileRef = BCEE56B320078F6C000D6B5F /* RecipeAPIModel.swift */; };
		BCEE56B62007905B000D6B5F /* SearchRecipeResultsEntity.swift in Sources */ = {isa = PBXBuildFile; fileRef = BCEE56B52007905B000D6B5F /* SearchRecipeResultsEntity.swift */; };
		BCEE56B8200791B4000D6B5F /* SmallRecipeEntity.swift in Sources */ = {isa = PBXBuildFile; fileRef = BCEE56B7200791B4000D6B5F /* SmallRecipeEntity.swift */; };
		BCEE56BA200791BE000D6B5F /* FullRecipeEntity.swift in Sources */ = {isa = PBXBuildFile; fileRef = BCEE56B9200791BE000D6B5F /* FullRecipeEntity.swift */; };
		BCEE56BC20079220000D6B5F /* IngredientEntity.swift in Sources */ = {isa = PBXBuildFile; fileRef = BCEE56BB20079220000D6B5F /* IngredientEntity.swift */; };
		BCEE56BE20079D15000D6B5F /* RecipeViewController.swift in Sources */ = {isa = PBXBuildFile; fileRef = BCEE56BD20079D15000D6B5F /* RecipeViewController.swift */; };
		BCEE56C22007ACF8000D6B5F /* AddToPlannerTableViewController.swift in Sources */ = {isa = PBXBuildFile; fileRef = BCEE56C12007ACF8000D6B5F /* AddToPlannerTableViewController.swift */; };
		BCEE56C72008B8BE000D6B5F /* CurrentHouseholdTableViewController.swift in Sources */ = {isa = PBXBuildFile; fileRef = BCEE56C62008B8BE000D6B5F /* CurrentHouseholdTableViewController.swift */; };
		BCEE56CA200956C6000D6B5F /* GroceryEntity.swift in Sources */ = {isa = PBXBuildFile; fileRef = BCEE56C9200956C6000D6B5F /* GroceryEntity.swift */; };
		BCEE56CC200957DF000D6B5F /* PlannerEntity.swift in Sources */ = {isa = PBXBuildFile; fileRef = BCEE56CB200957DF000D6B5F /* PlannerEntity.swift */; };
		BCEE56CE200A6267000D6B5F /* BigBlueButton.swift in Sources */ = {isa = PBXBuildFile; fileRef = BCEE56CD200A6267000D6B5F /* BigBlueButton.swift */; };
		BCEE56D0200A72CC000D6B5F /* FavoriteModel.swift in Sources */ = {isa = PBXBuildFile; fileRef = BCEE56CF200A72CC000D6B5F /* FavoriteModel.swift */; };
		BCEE56D2200A731C000D6B5F /* FirebaseModel.swift in Sources */ = {isa = PBXBuildFile; fileRef = BCEE56D1200A731C000D6B5F /* FirebaseModel.swift */; };
		BCEE56D4200A73A3000D6B5F /* RecipeModel.swift in Sources */ = {isa = PBXBuildFile; fileRef = BCEE56D3200A73A3000D6B5F /* RecipeModel.swift */; };
		E271E23D4679D0AE606701CB /* Pods_Reciper.framework in Frameworks */ = {isa = PBXBuildFile; fileRef = 575F608669035D4FEC4B6EDA /* Pods_Reciper.framework */; };
/* End PBXBuildFile section */

/* Begin PBXFileReference section */
		0B2A36B152F37805E2D3771C /* Pods-Reciper.debug.xcconfig */ = {isa = PBXFileReference; includeInIndex = 1; lastKnownFileType = text.xcconfig; name = "Pods-Reciper.debug.xcconfig"; path = "Pods/Target Support Files/Pods-Reciper/Pods-Reciper.debug.xcconfig"; sourceTree = "<group>"; };
		575F608669035D4FEC4B6EDA /* Pods_Reciper.framework */ = {isa = PBXFileReference; explicitFileType = wrapper.framework; includeInIndex = 0; path = Pods_Reciper.framework; sourceTree = BUILT_PRODUCTS_DIR; };
		BC1869FC200A91E9002E0E76 /* FavoritesTableViewController.swift */ = {isa = PBXFileReference; lastKnownFileType = sourcecode.swift; path = FavoritesTableViewController.swift; sourceTree = "<group>"; };
		BC186A01200C8A81002E0E76 /* HouseholdModel.swift */ = {isa = PBXFileReference; lastKnownFileType = sourcecode.swift; path = HouseholdModel.swift; sourceTree = "<group>"; };
		BC186A03200C8ABE002E0E76 /* HouseholdEntity.swift */ = {isa = PBXFileReference; lastKnownFileType = sourcecode.swift; path = HouseholdEntity.swift; sourceTree = "<group>"; };
		BC186A05200C8C87002E0E76 /* UserModel.swift */ = {isa = PBXFileReference; lastKnownFileType = sourcecode.swift; path = UserModel.swift; sourceTree = "<group>"; };
		BC186A0A200CABCE002E0E76 /* NewHouseholdViewController.swift */ = {isa = PBXFileReference; lastKnownFileType = sourcecode.swift; path = NewHouseholdViewController.swift; sourceTree = "<group>"; };
		BC186A0E200CACA2002E0E76 /* AllHouseholdsTableViewController.swift */ = {isa = PBXFileReference; lastKnownFileType = sourcecode.swift; path = AllHouseholdsTableViewController.swift; sourceTree = "<group>"; };
		BC186A10200CCA16002E0E76 /* AllGroceriesTableViewController.swift */ = {isa = PBXFileReference; lastKnownFileType = sourcecode.swift; path = AllGroceriesTableViewController.swift; sourceTree = "<group>"; };
		BC186A12200CD4C6002E0E76 /* PlannerTableViewController.swift */ = {isa = PBXFileReference; lastKnownFileType = sourcecode.swift; path = PlannerTableViewController.swift; sourceTree = "<group>"; };
		BC186A15200E0EE4002E0E76 /* PlannerModel.swift */ = {isa = PBXFileReference; lastKnownFileType = sourcecode.swift; path = PlannerModel.swift; sourceTree = "<group>"; };
		BC6635E220189C0F00903F8C /* FBObserver.swift */ = {isa = PBXFileReference; lastKnownFileType = sourcecode.swift; path = FBObserver.swift; sourceTree = "<group>"; };
		BC687C4A2015CA3000951024 /* eventEmitter.swift */ = {isa = PBXFileReference; lastKnownFileType = sourcecode.swift; path = eventEmitter.swift; sourceTree = "<group>"; };
		BC687C4C2015FC6300951024 /* AddGroceriesFromRecipeTableViewController.swift */ = {isa = PBXFileReference; lastKnownFileType = sourcecode.swift; path = AddGroceriesFromRecipeTableViewController.swift; sourceTree = "<group>"; };
		BC687C4E201608A300951024 /* PlannerRecipeTableViewCell.swift */ = {isa = PBXFileReference; lastKnownFileType = sourcecode.swift; path = PlannerRecipeTableViewCell.swift; sourceTree = "<group>"; };
		BC687C5020162B1D00951024 /* GroceriesModel.swift */ = {isa = PBXFileReference; lastKnownFileType = sourcecode.swift; path = GroceriesModel.swift; sourceTree = "<group>"; };
		BC7597E7200622FE000198A1 /* Reciper.app */ = {isa = PBXFileReference; explicitFileType = wrapper.application; includeInIndex = 0; path = Reciper.app; sourceTree = BUILT_PRODUCTS_DIR; };
		BC7597EA200622FE000198A1 /* AppDelegate.swift */ = {isa = PBXFileReference; lastKnownFileType = sourcecode.swift; path = AppDelegate.swift; sourceTree = "<group>"; };
		BC7597F1200622FE000198A1 /* Base */ = {isa = PBXFileReference; lastKnownFileType = file.storyboard; name = Base; path = Base.lproj/Main.storyboard; sourceTree = "<group>"; };
		BC7597F3200622FE000198A1 /* Assets.xcassets */ = {isa = PBXFileReference; lastKnownFileType = folder.assetcatalog; path = Assets.xcassets; sourceTree = "<group>"; };
		BC7597F6200622FE000198A1 /* Base */ = {isa = PBXFileReference; lastKnownFileType = file.storyboard; name = Base; path = Base.lproj/LaunchScreen.storyboard; sourceTree = "<group>"; };
		BC7597F8200622FE000198A1 /* Info.plist */ = {isa = PBXFileReference; lastKnownFileType = text.plist.xml; path = Info.plist; sourceTree = "<group>"; };
		BC9FB7FB20177BFB00152AFA /* simpleAlert.swift */ = {isa = PBXFileReference; lastKnownFileType = sourcecode.swift; path = simpleAlert.swift; sourceTree = "<group>"; };
		BCA0D29B2006275F007EE11A /* GoogleService-Info.plist */ = {isa = PBXFileReference; fileEncoding = 4; lastKnownFileType = text.plist.xml; path = "GoogleService-Info.plist"; sourceTree = "<group>"; };
		BCA0D2A3200646CE007EE11A /* Reciper.entitlements */ = {isa = PBXFileReference; lastKnownFileType = text.plist.entitlements; path = Reciper.entitlements; sourceTree = "<group>"; };
		BCA0D2A420064969007EE11A /* LoginViewController.swift */ = {isa = PBXFileReference; lastKnownFileType = sourcecode.swift; path = LoginViewController.swift; sourceTree = "<group>"; };
		BCEE56A320077B40000D6B5F /* RecipeSearchViewController.swift */ = {isa = PBXFileReference; lastKnownFileType = sourcecode.swift; path = RecipeSearchViewController.swift; sourceTree = "<group>"; };
		BCEE56A720077B95000D6B5F /* RecipeResultsTableViewController.swift */ = {isa = PBXFileReference; lastKnownFileType = sourcecode.swift; path = RecipeResultsTableViewController.swift; sourceTree = "<group>"; };
		BCEE56AD20078217000D6B5F /* SettingsTableViewController.swift */ = {isa = PBXFileReference; lastKnownFileType = sourcecode.swift; path = SettingsTableViewController.swift; sourceTree = "<group>"; };
		BCEE56AF200783CD000D6B5F /* MainTabBarViewController.swift */ = {isa = PBXFileReference; fileEncoding = 4; lastKnownFileType = sourcecode.swift; path = MainTabBarViewController.swift; sourceTree = "<group>"; };
		BCEE56B1200784CA000D6B5F /* AddGroceryViewController.swift */ = {isa = PBXFileReference; lastKnownFileType = sourcecode.swift; path = AddGroceryViewController.swift; sourceTree = "<group>"; };
		BCEE56B320078F6C000D6B5F /* RecipeAPIModel.swift */ = {isa = PBXFileReference; lastKnownFileType = sourcecode.swift; path = RecipeAPIModel.swift; sourceTree = "<group>"; };
		BCEE56B52007905B000D6B5F /* SearchRecipeResultsEntity.swift */ = {isa = PBXFileReference; lastKnownFileType = sourcecode.swift; path = SearchRecipeResultsEntity.swift; sourceTree = "<group>"; };
		BCEE56B7200791B4000D6B5F /* SmallRecipeEntity.swift */ = {isa = PBXFileReference; lastKnownFileType = sourcecode.swift; path = SmallRecipeEntity.swift; sourceTree = "<group>"; };
		BCEE56B9200791BE000D6B5F /* FullRecipeEntity.swift */ = {isa = PBXFileReference; lastKnownFileType = sourcecode.swift; path = FullRecipeEntity.swift; sourceTree = "<group>"; };
		BCEE56BB20079220000D6B5F /* IngredientEntity.swift */ = {isa = PBXFileReference; lastKnownFileType = sourcecode.swift; path = IngredientEntity.swift; sourceTree = "<group>"; };
		BCEE56BD20079D15000D6B5F /* RecipeViewController.swift */ = {isa = PBXFileReference; lastKnownFileType = sourcecode.swift; path = RecipeViewController.swift; sourceTree = "<group>"; };
		BCEE56C12007ACF8000D6B5F /* AddToPlannerTableViewController.swift */ = {isa = PBXFileReference; lastKnownFileType = sourcecode.swift; name = AddToPlannerTableViewController.swift; path = "/Users/janerik/Dropbox/KI2017/App Project/Reciper/Reciper/ViewControllers/Planner/AddToPlannerTableViewController.swift"; sourceTree = "<absolute>"; };
		BCEE56C62008B8BE000D6B5F /* CurrentHouseholdTableViewController.swift */ = {isa = PBXFileReference; lastKnownFileType = sourcecode.swift; path = CurrentHouseholdTableViewController.swift; sourceTree = "<group>"; };
		BCEE56C9200956C6000D6B5F /* GroceryEntity.swift */ = {isa = PBXFileReference; lastKnownFileType = sourcecode.swift; path = GroceryEntity.swift; sourceTree = "<group>"; };
		BCEE56CB200957DF000D6B5F /* PlannerEntity.swift */ = {isa = PBXFileReference; lastKnownFileType = sourcecode.swift; path = PlannerEntity.swift; sourceTree = "<group>"; };
		BCEE56CD200A6267000D6B5F /* BigBlueButton.swift */ = {isa = PBXFileReference; lastKnownFileType = sourcecode.swift; path = BigBlueButton.swift; sourceTree = "<group>"; };
		BCEE56CF200A72CC000D6B5F /* FavoriteModel.swift */ = {isa = PBXFileReference; lastKnownFileType = sourcecode.swift; path = FavoriteModel.swift; sourceTree = "<group>"; };
		BCEE56D1200A731C000D6B5F /* FirebaseModel.swift */ = {isa = PBXFileReference; lastKnownFileType = sourcecode.swift; path = FirebaseModel.swift; sourceTree = "<group>"; };
		BCEE56D3200A73A3000D6B5F /* RecipeModel.swift */ = {isa = PBXFileReference; lastKnownFileType = sourcecode.swift; path = RecipeModel.swift; sourceTree = "<group>"; };
		BD9187AB141B840BF747F5AF /* Pods-Reciper.release.xcconfig */ = {isa = PBXFileReference; includeInIndex = 1; lastKnownFileType = text.xcconfig; name = "Pods-Reciper.release.xcconfig"; path = "Pods/Target Support Files/Pods-Reciper/Pods-Reciper.release.xcconfig"; sourceTree = "<group>"; };
/* End PBXFileReference section */

/* Begin PBXFrameworksBuildPhase section */
		BC7597E4200622FE000198A1 /* Frameworks */ = {
			isa = PBXFrameworksBuildPhase;
			buildActionMask = 2147483647;
			files = (
				E271E23D4679D0AE606701CB /* Pods_Reciper.framework in Frameworks */,
			);
			runOnlyForDeploymentPostprocessing = 0;
		};
/* End PBXFrameworksBuildPhase section */

/* Begin PBXGroup section */
		385951D07900C459BB308BB2 /* Frameworks */ = {
			isa = PBXGroup;
			children = (
				575F608669035D4FEC4B6EDA /* Pods_Reciper.framework */,
			);
			name = Frameworks;
			sourceTree = "<group>";
		};
		4BB5AC4FE6A4EC17AFC406BA /* Pods */ = {
			isa = PBXGroup;
			children = (
				0B2A36B152F37805E2D3771C /* Pods-Reciper.debug.xcconfig */,
				BD9187AB141B840BF747F5AF /* Pods-Reciper.release.xcconfig */,
			);
			name = Pods;
			sourceTree = "<group>";
		};
		BC1869FE200A9202002E0E76 /* Settings */ = {
			isa = PBXGroup;
			children = (
				BC186A0A200CABCE002E0E76 /* NewHouseholdViewController.swift */,
				BCEE56AD20078217000D6B5F /* SettingsTableViewController.swift */,
				BCEE56C62008B8BE000D6B5F /* CurrentHouseholdTableViewController.swift */,
				BC186A0E200CACA2002E0E76 /* AllHouseholdsTableViewController.swift */,
			);
			path = Settings;
			sourceTree = "<group>";
		};
		BC1869FF200A9217002E0E76 /* Recipes */ = {
			isa = PBXGroup;
			children = (
				BC1869FC200A91E9002E0E76 /* FavoritesTableViewController.swift */,
				BCEE56A320077B40000D6B5F /* RecipeSearchViewController.swift */,
				BCEE56A720077B95000D6B5F /* RecipeResultsTableViewController.swift */,
				BCEE56BD20079D15000D6B5F /* RecipeViewController.swift */,
			);
			path = Recipes;
			sourceTree = "<group>";
		};
		BC186A00200A922A002E0E76 /* Groceries */ = {
			isa = PBXGroup;
			children = (
				BCEE56B1200784CA000D6B5F /* AddGroceryViewController.swift */,
				BC186A10200CCA16002E0E76 /* AllGroceriesTableViewController.swift */,
				BC687C4C2015FC6300951024 /* AddGroceriesFromRecipeTableViewController.swift */,
			);
			path = Groceries;
			sourceTree = "<group>";
		};
		BC186A14200CD4CB002E0E76 /* Planner */ = {
			isa = PBXGroup;
			children = (
				BC186A12200CD4C6002E0E76 /* PlannerTableViewController.swift */,
				BCEE56C12007ACF8000D6B5F /* AddToPlannerTableViewController.swift */,
			);
			path = Planner;
			sourceTree = "<group>";
		};
		BC7597DE200622FE000198A1 = {
			isa = PBXGroup;
			children = (
				BC7597E9200622FE000198A1 /* Reciper */,
				BC7597E8200622FE000198A1 /* Products */,
				4BB5AC4FE6A4EC17AFC406BA /* Pods */,
				385951D07900C459BB308BB2 /* Frameworks */,
			);
			sourceTree = "<group>";
		};
		BC7597E8200622FE000198A1 /* Products */ = {
			isa = PBXGroup;
			children = (
				BC7597E7200622FE000198A1 /* Reciper.app */,
			);
			name = Products;
			sourceTree = "<group>";
		};
		BC7597E9200622FE000198A1 /* Reciper */ = {
			isa = PBXGroup;
			children = (
				BC7597EA200622FE000198A1 /* AppDelegate.swift */,
				BCEE56C82008B9C3000D6B5F /* Resources */,
				BCEE56C42008B81E000D6B5F /* Application */,
				BCEE56C32008B206000D6B5F /* Views */,
				BCA0D2A020064482007EE11A /* Entities */,
				BCA0D29F20064469007EE11A /* Models */,
				BCA0D29D20064459007EE11A /* ViewControllers */,
			);
			path = Reciper;
			sourceTree = "<group>";
		};
		BC9FB7FA20177BE500152AFA /* Library */ = {
			isa = PBXGroup;
			children = (
				BC687C4A2015CA3000951024 /* eventEmitter.swift */,
				BC9FB7FB20177BFB00152AFA /* simpleAlert.swift */,
				BC6635E220189C0F00903F8C /* FBObserver.swift */,
			);
			path = Library;
			sourceTree = "<group>";
		};
		BCA0D29D20064459007EE11A /* ViewControllers */ = {
			isa = PBXGroup;
			children = (
				BC186A14200CD4CB002E0E76 /* Planner */,
				BC186A00200A922A002E0E76 /* Groceries */,
				BC1869FF200A9217002E0E76 /* Recipes */,
				BC1869FE200A9202002E0E76 /* Settings */,
				BCA0D2A420064969007EE11A /* LoginViewController.swift */,
				BCEE56AF200783CD000D6B5F /* MainTabBarViewController.swift */,
				BC9FB7FA20177BE500152AFA /* Library */,
			);
			path = ViewControllers;
			sourceTree = "<group>";
		};
		BCA0D29F20064469007EE11A /* Models */ = {
			isa = PBXGroup;
			children = (
				BCEE56B320078F6C000D6B5F /* RecipeAPIModel.swift */,
				BCEE56CF200A72CC000D6B5F /* FavoriteModel.swift */,
				BCEE56D1200A731C000D6B5F /* FirebaseModel.swift */,
				BCEE56D3200A73A3000D6B5F /* RecipeModel.swift */,
				BC186A01200C8A81002E0E76 /* HouseholdModel.swift */,
				BC186A05200C8C87002E0E76 /* UserModel.swift */,
				BC186A15200E0EE4002E0E76 /* PlannerModel.swift */,
				BC687C5020162B1D00951024 /* GroceriesModel.swift */,
			);
			path = Models;
			sourceTree = "<group>";
		};
		BCA0D2A020064482007EE11A /* Entities */ = {
			isa = PBXGroup;
			children = (
				BCEE56B52007905B000D6B5F /* SearchRecipeResultsEntity.swift */,
				BCEE56B7200791B4000D6B5F /* SmallRecipeEntity.swift */,
				BCEE56B9200791BE000D6B5F /* FullRecipeEntity.swift */,
				BCEE56BB20079220000D6B5F /* IngredientEntity.swift */,
				BCEE56C9200956C6000D6B5F /* GroceryEntity.swift */,
				BCEE56CB200957DF000D6B5F /* PlannerEntity.swift */,
				BC186A03200C8ABE002E0E76 /* HouseholdEntity.swift */,
			);
			path = Entities;
			sourceTree = "<group>";
		};
		BCEE56C32008B206000D6B5F /* Views */ = {
			isa = PBXGroup;
			children = (
				BCEE56CD200A6267000D6B5F /* BigBlueButton.swift */,
				BC687C4E201608A300951024 /* PlannerRecipeTableViewCell.swift */,
			);
			path = Views;
			sourceTree = "<group>";
		};
		BCEE56C42008B81E000D6B5F /* Application */ = {
			isa = PBXGroup;
			children = (
				BC7597F0200622FE000198A1 /* Main.storyboard */,
				BC7597F5200622FE000198A1 /* LaunchScreen.storyboard */,
			);
			path = Application;
			sourceTree = "<group>";
		};
		BCEE56C82008B9C3000D6B5F /* Resources */ = {
			isa = PBXGroup;
			children = (
				BCA0D2A3200646CE007EE11A /* Reciper.entitlements */,
				BC7597F8200622FE000198A1 /* Info.plist */,
				BCA0D29B2006275F007EE11A /* GoogleService-Info.plist */,
				BC7597F3200622FE000198A1 /* Assets.xcassets */,
			);
			name = Resources;
			sourceTree = "<group>";
		};
/* End PBXGroup section */

/* Begin PBXNativeTarget section */
		BC7597E6200622FE000198A1 /* Reciper */ = {
			isa = PBXNativeTarget;
			buildConfigurationList = BC7597FB200622FE000198A1 /* Build configuration list for PBXNativeTarget "Reciper" */;
			buildPhases = (
				1992A80495DEC03F075E2F57 /* [CP] Check Pods Manifest.lock */,
				BC7597E3200622FE000198A1 /* Sources */,
				BC7597E4200622FE000198A1 /* Frameworks */,
				BC7597E5200622FE000198A1 /* Resources */,
				A1544AAD7441544022E037EB /* [CP] Embed Pods Frameworks */,
				CF1A6AA1B5E33FDB28B03A34 /* [CP] Copy Pods Resources */,
			);
			buildRules = (
			);
			dependencies = (
			);
			name = Reciper;
			productName = Reciper;
			productReference = BC7597E7200622FE000198A1 /* Reciper.app */;
			productType = "com.apple.product-type.application";
		};
/* End PBXNativeTarget section */

/* Begin PBXProject section */
		BC7597DF200622FE000198A1 /* Project object */ = {
			isa = PBXProject;
			attributes = {
				LastSwiftUpdateCheck = 0920;
				LastUpgradeCheck = 0920;
				ORGANIZATIONNAME = "Jan Erik van Woerden";
				TargetAttributes = {
					BC7597E6200622FE000198A1 = {
						CreatedOnToolsVersion = 9.2;
						ProvisioningStyle = Automatic;
						SystemCapabilities = {
							com.apple.Keychain = {
								enabled = 1;
							};
						};
					};
				};
			};
			buildConfigurationList = BC7597E2200622FE000198A1 /* Build configuration list for PBXProject "Reciper" */;
			compatibilityVersion = "Xcode 8.0";
			developmentRegion = en;
			hasScannedForEncodings = 0;
			knownRegions = (
				en,
				Base,
			);
			mainGroup = BC7597DE200622FE000198A1;
			productRefGroup = BC7597E8200622FE000198A1 /* Products */;
			projectDirPath = "";
			projectRoot = "";
			targets = (
				BC7597E6200622FE000198A1 /* Reciper */,
			);
		};
/* End PBXProject section */

/* Begin PBXResourcesBuildPhase section */
		BC7597E5200622FE000198A1 /* Resources */ = {
			isa = PBXResourcesBuildPhase;
			buildActionMask = 2147483647;
			files = (
				BC7597F7200622FE000198A1 /* LaunchScreen.storyboard in Resources */,
				BCA0D29C20062760007EE11A /* GoogleService-Info.plist in Resources */,
				BC7597F4200622FE000198A1 /* Assets.xcassets in Resources */,
				BC7597F2200622FE000198A1 /* Main.storyboard in Resources */,
			);
			runOnlyForDeploymentPostprocessing = 0;
		};
/* End PBXResourcesBuildPhase section */

/* Begin PBXShellScriptBuildPhase section */
		1992A80495DEC03F075E2F57 /* [CP] Check Pods Manifest.lock */ = {
			isa = PBXShellScriptBuildPhase;
			buildActionMask = 2147483647;
			files = (
			);
			inputPaths = (
			);
			name = "[CP] Check Pods Manifest.lock";
			outputPaths = (
			);
			runOnlyForDeploymentPostprocessing = 0;
			shellPath = /bin/sh;
			shellScript = "diff \"${PODS_ROOT}/../Podfile.lock\" \"${PODS_ROOT}/Manifest.lock\" > /dev/null\nif [ $? != 0 ] ; then\n    # print error to STDERR\n    echo \"error: The sandbox is not in sync with the Podfile.lock. Run 'pod install' or update your CocoaPods installation.\" >&2\n    exit 1\nfi\n";
			showEnvVarsInLog = 0;
		};
		A1544AAD7441544022E037EB /* [CP] Embed Pods Frameworks */ = {
			isa = PBXShellScriptBuildPhase;
			buildActionMask = 2147483647;
			files = (
			);
			inputPaths = (
			);
			name = "[CP] Embed Pods Frameworks";
			outputPaths = (
			);
			runOnlyForDeploymentPostprocessing = 0;
			shellPath = /bin/sh;
			shellScript = "\"${SRCROOT}/Pods/Target Support Files/Pods-Reciper/Pods-Reciper-frameworks.sh\"\n";
			showEnvVarsInLog = 0;
		};
		CF1A6AA1B5E33FDB28B03A34 /* [CP] Copy Pods Resources */ = {
			isa = PBXShellScriptBuildPhase;
			buildActionMask = 2147483647;
			files = (
			);
			inputPaths = (
			);
			name = "[CP] Copy Pods Resources";
			outputPaths = (
			);
			runOnlyForDeploymentPostprocessing = 0;
			shellPath = /bin/sh;
			shellScript = "\"${SRCROOT}/Pods/Target Support Files/Pods-Reciper/Pods-Reciper-resources.sh\"\n";
			showEnvVarsInLog = 0;
		};
/* End PBXShellScriptBuildPhase section */

/* Begin PBXSourcesBuildPhase section */
		BC7597E3200622FE000198A1 /* Sources */ = {
			isa = PBXSourcesBuildPhase;
			buildActionMask = 2147483647;
			files = (
				BCEE56BA200791BE000D6B5F /* FullRecipeEntity.swift in Sources */,
				BCEE56A420077B40000D6B5F /* RecipeSearchViewController.swift in Sources */,
				BC186A16200E0EE4002E0E76 /* PlannerModel.swift in Sources */,
				BCA0D2A520064969007EE11A /* LoginViewController.swift in Sources */,
				BCEE56B420078F6C000D6B5F /* RecipeAPIModel.swift in Sources */,
				BCEE56D2200A731C000D6B5F /* FirebaseModel.swift in Sources */,
				BC1869FD200A91E9002E0E76 /* FavoritesTableViewController.swift in Sources */,
				BC6635E320189C0F00903F8C /* FBObserver.swift in Sources */,
				BCEE56B2200784CA000D6B5F /* AddGroceryViewController.swift in Sources */,
				BC186A0F200CACA2002E0E76 /* AllHouseholdsTableViewController.swift in Sources */,
				BC687C4D2015FC6300951024 /* AddGroceriesFromRecipeTableViewController.swift in Sources */,
				BCEE56CC200957DF000D6B5F /* PlannerEntity.swift in Sources */,
				BC186A06200C8C87002E0E76 /* UserModel.swift in Sources */,
				BCEE56B62007905B000D6B5F /* SearchRecipeResultsEntity.swift in Sources */,
				BC9FB7FC20177BFB00152AFA /* simpleAlert.swift in Sources */,
				BC186A02200C8A81002E0E76 /* HouseholdModel.swift in Sources */,
				BCEE56CA200956C6000D6B5F /* GroceryEntity.swift in Sources */,
				BCEE56BC20079220000D6B5F /* IngredientEntity.swift in Sources */,
				BCEE56CE200A6267000D6B5F /* BigBlueButton.swift in Sources */,
				BC687C4F201608A300951024 /* PlannerRecipeTableViewCell.swift in Sources */,
				BC186A11200CCA16002E0E76 /* AllGroceriesTableViewController.swift in Sources */,
				BC687C5120162B1D00951024 /* GroceriesModel.swift in Sources */,
				BC186A13200CD4C6002E0E76 /* PlannerTableViewController.swift in Sources */,
				BC186A0B200CABCE002E0E76 /* NewHouseholdViewController.swift in Sources */,
				BCEE56BE20079D15000D6B5F /* RecipeViewController.swift in Sources */,
				BCEE56AE20078218000D6B5F /* SettingsTableViewController.swift in Sources */,
				BCEE56C72008B8BE000D6B5F /* CurrentHouseholdTableViewController.swift in Sources */,
				BC186A04200C8ABE002E0E76 /* HouseholdEntity.swift in Sources */,
				BCEE56D4200A73A3000D6B5F /* RecipeModel.swift in Sources */,
				BCEE56B8200791B4000D6B5F /* SmallRecipeEntity.swift in Sources */,
				BCEE56B0200783CD000D6B5F /* MainTabBarViewController.swift in Sources */,
				BCEE56A820077B95000D6B5F /* RecipeResultsTableViewController.swift in Sources */,
				BC7597EB200622FE000198A1 /* AppDelegate.swift in Sources */,
				BC687C4B2015CA3000951024 /* eventEmitter.swift in Sources */,
				BCEE56D0200A72CC000D6B5F /* FavoriteModel.swift in Sources */,
				BCEE56C22007ACF8000D6B5F /* AddToPlannerTableViewController.swift in Sources */,
			);
			runOnlyForDeploymentPostprocessing = 0;
		};
/* End PBXSourcesBuildPhase section */

/* Begin PBXVariantGroup section */
		BC7597F0200622FE000198A1 /* Main.storyboard */ = {
			isa = PBXVariantGroup;
			children = (
				BC7597F1200622FE000198A1 /* Base */,
			);
			name = Main.storyboard;
			sourceTree = "<group>";
		};
		BC7597F5200622FE000198A1 /* LaunchScreen.storyboard */ = {
			isa = PBXVariantGroup;
			children = (
				BC7597F6200622FE000198A1 /* Base */,
			);
			name = LaunchScreen.storyboard;
			sourceTree = "<group>";
		};
/* End PBXVariantGroup section */

/* Begin XCBuildConfiguration section */
		BC7597F9200622FE000198A1 /* Debug */ = {
			isa = XCBuildConfiguration;
			buildSettings = {
				ALWAYS_SEARCH_USER_PATHS = NO;
				CLANG_ANALYZER_NONNULL = YES;
				CLANG_ANALYZER_NUMBER_OBJECT_CONVERSION = YES_AGGRESSIVE;
				CLANG_CXX_LANGUAGE_STANDARD = "gnu++14";
				CLANG_CXX_LIBRARY = "libc++";
				CLANG_ENABLE_MODULES = YES;
				CLANG_ENABLE_OBJC_ARC = YES;
				CLANG_WARN_BLOCK_CAPTURE_AUTORELEASING = YES;
				CLANG_WARN_BOOL_CONVERSION = YES;
				CLANG_WARN_COMMA = YES;
				CLANG_WARN_CONSTANT_CONVERSION = YES;
				CLANG_WARN_DIRECT_OBJC_ISA_USAGE = YES_ERROR;
				CLANG_WARN_DOCUMENTATION_COMMENTS = YES;
				CLANG_WARN_EMPTY_BODY = YES;
				CLANG_WARN_ENUM_CONVERSION = YES;
				CLANG_WARN_INFINITE_RECURSION = YES;
				CLANG_WARN_INT_CONVERSION = YES;
				CLANG_WARN_NON_LITERAL_NULL_CONVERSION = YES;
				CLANG_WARN_OBJC_LITERAL_CONVERSION = YES;
				CLANG_WARN_OBJC_ROOT_CLASS = YES_ERROR;
				CLANG_WARN_RANGE_LOOP_ANALYSIS = YES;
				CLANG_WARN_STRICT_PROTOTYPES = YES;
				CLANG_WARN_SUSPICIOUS_MOVE = YES;
				CLANG_WARN_UNGUARDED_AVAILABILITY = YES_AGGRESSIVE;
				CLANG_WARN_UNREACHABLE_CODE = YES;
				CLANG_WARN__DUPLICATE_METHOD_MATCH = YES;
				CODE_SIGN_IDENTITY = "iPhone Developer";
				COPY_PHASE_STRIP = NO;
				DEBUG_INFORMATION_FORMAT = dwarf;
				ENABLE_STRICT_OBJC_MSGSEND = YES;
				ENABLE_TESTABILITY = YES;
				GCC_C_LANGUAGE_STANDARD = gnu11;
				GCC_DYNAMIC_NO_PIC = NO;
				GCC_NO_COMMON_BLOCKS = YES;
				GCC_OPTIMIZATION_LEVEL = 0;
				GCC_PREPROCESSOR_DEFINITIONS = (
					"DEBUG=1",
					"$(inherited)",
				);
				GCC_WARN_64_TO_32_BIT_CONVERSION = YES;
				GCC_WARN_ABOUT_RETURN_TYPE = YES_ERROR;
				GCC_WARN_UNDECLARED_SELECTOR = YES;
				GCC_WARN_UNINITIALIZED_AUTOS = YES_AGGRESSIVE;
				GCC_WARN_UNUSED_FUNCTION = YES;
				GCC_WARN_UNUSED_VARIABLE = YES;
				IPHONEOS_DEPLOYMENT_TARGET = 11.2;
				MTL_ENABLE_DEBUG_INFO = YES;
				ONLY_ACTIVE_ARCH = YES;
				SDKROOT = iphoneos;
				SWIFT_ACTIVE_COMPILATION_CONDITIONS = DEBUG;
				SWIFT_OPTIMIZATION_LEVEL = "-Onone";
			};
			name = Debug;
		};
		BC7597FA200622FE000198A1 /* Release */ = {
			isa = XCBuildConfiguration;
			buildSettings = {
				ALWAYS_SEARCH_USER_PATHS = NO;
				CLANG_ANALYZER_NONNULL = YES;
				CLANG_ANALYZER_NUMBER_OBJECT_CONVERSION = YES_AGGRESSIVE;
				CLANG_CXX_LANGUAGE_STANDARD = "gnu++14";
				CLANG_CXX_LIBRARY = "libc++";
				CLANG_ENABLE_MODULES = YES;
				CLANG_ENABLE_OBJC_ARC = YES;
				CLANG_WARN_BLOCK_CAPTURE_AUTORELEASING = YES;
				CLANG_WARN_BOOL_CONVERSION = YES;
				CLANG_WARN_COMMA = YES;
				CLANG_WARN_CONSTANT_CONVERSION = YES;
				CLANG_WARN_DIRECT_OBJC_ISA_USAGE = YES_ERROR;
				CLANG_WARN_DOCUMENTATION_COMMENTS = YES;
				CLANG_WARN_EMPTY_BODY = YES;
				CLANG_WARN_ENUM_CONVERSION = YES;
				CLANG_WARN_INFINITE_RECURSION = YES;
				CLANG_WARN_INT_CONVERSION = YES;
				CLANG_WARN_NON_LITERAL_NULL_CONVERSION = YES;
				CLANG_WARN_OBJC_LITERAL_CONVERSION = YES;
				CLANG_WARN_OBJC_ROOT_CLASS = YES_ERROR;
				CLANG_WARN_RANGE_LOOP_ANALYSIS = YES;
				CLANG_WARN_STRICT_PROTOTYPES = YES;
				CLANG_WARN_SUSPICIOUS_MOVE = YES;
				CLANG_WARN_UNGUARDED_AVAILABILITY = YES_AGGRESSIVE;
				CLANG_WARN_UNREACHABLE_CODE = YES;
				CLANG_WARN__DUPLICATE_METHOD_MATCH = YES;
				CODE_SIGN_IDENTITY = "iPhone Developer";
				COPY_PHASE_STRIP = NO;
				DEBUG_INFORMATION_FORMAT = "dwarf-with-dsym";
				ENABLE_NS_ASSERTIONS = NO;
				ENABLE_STRICT_OBJC_MSGSEND = YES;
				GCC_C_LANGUAGE_STANDARD = gnu11;
				GCC_NO_COMMON_BLOCKS = YES;
				GCC_WARN_64_TO_32_BIT_CONVERSION = YES;
				GCC_WARN_ABOUT_RETURN_TYPE = YES_ERROR;
				GCC_WARN_UNDECLARED_SELECTOR = YES;
				GCC_WARN_UNINITIALIZED_AUTOS = YES_AGGRESSIVE;
				GCC_WARN_UNUSED_FUNCTION = YES;
				GCC_WARN_UNUSED_VARIABLE = YES;
				IPHONEOS_DEPLOYMENT_TARGET = 11.2;
				MTL_ENABLE_DEBUG_INFO = NO;
				SDKROOT = iphoneos;
				SWIFT_OPTIMIZATION_LEVEL = "-Owholemodule";
				VALIDATE_PRODUCT = YES;
			};
			name = Release;
		};
		BC7597FC200622FE000198A1 /* Debug */ = {
			isa = XCBuildConfiguration;
			baseConfigurationReference = 0B2A36B152F37805E2D3771C /* Pods-Reciper.debug.xcconfig */;
			buildSettings = {
				ASSETCATALOG_COMPILER_APPICON_NAME = AppIcon;
				CODE_SIGN_ENTITLEMENTS = Reciper/Reciper.entitlements;
				CODE_SIGN_STYLE = Automatic;
				DEVELOPMENT_TEAM = 38XNJG94UX;
				INFOPLIST_FILE = Reciper/Info.plist;
				LD_RUNPATH_SEARCH_PATHS = "$(inherited) @executable_path/Frameworks";
				PRODUCT_BUNDLE_IDENTIFIER = com.mprog.Reciper;
				PRODUCT_NAME = "$(TARGET_NAME)";
				SWIFT_VERSION = 4.0;
				TARGETED_DEVICE_FAMILY = "1,2";
			};
			name = Debug;
		};
		BC7597FD200622FE000198A1 /* Release */ = {
			isa = XCBuildConfiguration;
			baseConfigurationReference = BD9187AB141B840BF747F5AF /* Pods-Reciper.release.xcconfig */;
			buildSettings = {
				ASSETCATALOG_COMPILER_APPICON_NAME = AppIcon;
				CODE_SIGN_ENTITLEMENTS = Reciper/Reciper.entitlements;
				CODE_SIGN_STYLE = Automatic;
				DEVELOPMENT_TEAM = 38XNJG94UX;
				INFOPLIST_FILE = Reciper/Info.plist;
				LD_RUNPATH_SEARCH_PATHS = "$(inherited) @executable_path/Frameworks";
				PRODUCT_BUNDLE_IDENTIFIER = com.mprog.Reciper;
				PRODUCT_NAME = "$(TARGET_NAME)";
				SWIFT_VERSION = 4.0;
				TARGETED_DEVICE_FAMILY = "1,2";
			};
			name = Release;
		};
/* End XCBuildConfiguration section */

/* Begin XCConfigurationList section */
		BC7597E2200622FE000198A1 /* Build configuration list for PBXProject "Reciper" */ = {
			isa = XCConfigurationList;
			buildConfigurations = (
				BC7597F9200622FE000198A1 /* Debug */,
				BC7597FA200622FE000198A1 /* Release */,
			);
			defaultConfigurationIsVisible = 0;
			defaultConfigurationName = Release;
		};
		BC7597FB200622FE000198A1 /* Build configuration list for PBXNativeTarget "Reciper" */ = {
			isa = XCConfigurationList;
			buildConfigurations = (
				BC7597FC200622FE000198A1 /* Debug */,
				BC7597FD200622FE000198A1 /* Release */,
			);
			defaultConfigurationIsVisible = 0;
			defaultConfigurationName = Release;
		};
/* End XCConfigurationList section */
	};
	rootObject = BC7597DF200622FE000198A1 /* Project object */;
}
